{
  "requires": true,
  "lockfileVersion": 1,
  "dependencies": {
    "js-sequence-diagrams": {
      "version": "0.0.1-security",
      "resolved": "https://registry.npm.taobao.org/js-sequence-diagrams/download/js-sequence-diagrams-0.0.1-security.tgz",
      "integrity": "sha1-nP6jJmgk/o6WEJIt+YXM36EwNwQ="
    }
  }
}
